
Microsoft Visual Studio Solution File, Format Version 12.00
# Visual Studio Version 17
VisualStudioVersion = 17.0.31903.59
MinimumVisualStudioVersion = 10.0.40219.1
Project("{2150E333-8FDC-42A3-9474-1A3956D46DE8}") = "src", "src", "{827E0CD3-B72D-47B6-A68D-7590B98EB39B}"
EndProject
Project("{FAE04EC0-301F-11D3-BF4B-00C04F79EFBC}") = "ReqChecker.Core", "src\ReqChecker.Core\ReqChecker.Core.csproj", "{32A27E4E-8762-4671-BDC4-62038071D0A8}"
EndProject
Project("{FAE04EC0-301F-11D3-BF4B-00C04F79EFBC}") = "ReqChecker.Infrastructure", "src\ReqChecker.Infrastructure\ReqChecker.Infrastructure.csproj", "{7DE972C2-946A-4A00-ABE4-CAB0BB8B9B07}"
EndProject
Project("{FAE04EC0-301F-11D3-BF4B-00C04F79EFBC}") = "ReqChecker.App", "src\ReqChecker.App\ReqChecker.App.csproj", "{546C2056-8B87-4F42-8951-03ABE46546F7}"
EndProject
Project("{2150E333-8FDC-42A3-9474-1A3956D46DE8}") = "tests", "tests", "{0AB3BF05-4346-4AA6-1389-037BE0695223}"
EndProject
Project("{FAE04EC0-301F-11D3-BF4B-00C04F79EFBC}") = "ReqChecker.Core.Tests", "tests\ReqChecker.Core.Tests\ReqChecker.Core.Tests.csproj", "{A2774EB0-0A03-464C-A0DE-5C4DDB98FC1E}"
EndProject
Project("{FAE04EC0-301F-11D3-BF4B-00C04F79EFBC}") = "ReqChecker.Infrastructure.Tests", "tests\ReqChecker.Infrastructure.Tests\ReqChecker.Infrastructure.Tests.csproj", "{3E6A02AA-E711-4015-8DD1-A6FBA44798C8}"
EndProject
Project("{FAE04EC0-301F-11D3-BF4B-00C04F79EFBC}") = "ReqChecker.App.Tests", "tests\ReqChecker.App.Tests\ReqChecker.App.Tests.csproj", "{A5BA3079-CEC8-44E7-8853-74E3E5FC8076}"
EndProject
Global
	GlobalSection(SolutionConfigurationPlatforms) = preSolution
		Debug|Any CPU = Debug|Any CPU
		Debug|x64 = Debug|x64
		Debug|x86 = Debug|x86
		Release|Any CPU = Release|Any CPU
		Release|x64 = Release|x64
		Release|x86 = Release|x86
	EndGlobalSection
	GlobalSection(ProjectConfigurationPlatforms) = postSolution
		{32A27E4E-8762-4671-BDC4-62038071D0A8}.Debug|Any CPU.ActiveCfg = Debug|Any CPU
		{32A27E4E-8762-4671-BDC4-62038071D0A8}.Debug|Any CPU.Build.0 = Debug|Any CPU
		{32A27E4E-8762-4671-BDC4-62038071D0A8}.Debug|x64.ActiveCfg = Debug|Any CPU
		{32A27E4E-8762-4671-BDC4-62038071D0A8}.Debug|x64.Build.0 = Debug|Any CPU
		{32A27E4E-8762-4671-BDC4-62038071D0A8}.Debug|x86.ActiveCfg = Debug|Any CPU
		{32A27E4E-8762-4671-BDC4-62038071D0A8}.Debug|x86.Build.0 = Debug|Any CPU
		{32A27E4E-8762-4671-BDC4-62038071D0A8}.Release|Any CPU.ActiveCfg = Release|Any CPU
		{32A27E4E-8762-4671-BDC4-62038071D0A8}.Release|Any CPU.Build.0 = Release|Any CPU
		{32A27E4E-8762-4671-BDC4-62038071D0A8}.Release|x64.ActiveCfg = Release|Any CPU
		{32A27E4E-8762-4671-BDC4-62038071D0A8}.Release|x64.Build.0 = Release|Any CPU
		{32A27E4E-8762-4671-BDC4-62038071D0A8}.Release|x86.ActiveCfg = Release|Any CPU
		{32A27E4E-8762-4671-BDC4-62038071D0A8}.Release|x86.Build.0 = Release|Any CPU
		{7DE972C2-946A-4A00-ABE4-CAB0BB8B9B07}.Debug|Any CPU.ActiveCfg = Debug|Any CPU
		{7DE972C2-946A-4A00-ABE4-CAB0BB8B9B07}.Debug|Any CPU.Build.0 = Debug|Any CPU
		{7DE972C2-946A-4A00-ABE4-CAB0BB8B9B07}.Debug|x64.ActiveCfg = Debug|Any CPU
		{7DE972C2-946A-4A00-ABE4-CAB0BB8B9B07}.Debug|x64.Build.0 = Debug|Any CPU
		{7DE972C2-946A-4A00-ABE4-CAB0BB8B9B07}.Debug|x86.ActiveCfg = Debug|Any CPU
		{7DE972C2-946A-4A00-ABE4-CAB0BB8B9B07}.Debug|x86.Build.0 = Debug|Any CPU
		{7DE972C2-946A-4A00-ABE4-CAB0BB8B9B07}.Release|Any CPU.ActiveCfg = Release|Any CPU
		{7DE972C2-946A-4A00-ABE4-CAB0BB8B9B07}.Release|Any CPU.Build.0 = Release|Any CPU
		{7DE972C2-946A-4A00-ABE4-CAB0BB8B9B07}.Release|x64.ActiveCfg = Release|Any CPU
		{7DE972C2-946A-4A00-ABE4-CAB0BB8B9B07}.Release|x64.Build.0 = Release|Any CPU
		{7DE972C2-946A-4A00-ABE4-CAB0BB8B9B07}.Release|x86.ActiveCfg = Release|Any CPU
		{7DE972C2-946A-4A00-ABE4-CAB0BB8B9B07}.Release|x86.Build.0 = Release|Any CPU
		{546C2056-8B87-4F42-8951-03ABE46546F7}.Debug|Any CPU.ActiveCfg = Debug|Any CPU
		{546C2056-8B87-4F42-8951-03ABE46546F7}.Debug|Any CPU.Build.0 = Debug|Any CPU
		{546C2056-8B87-4F42-8951-03ABE46546F7}.Debug|x64.ActiveCfg = Debug|Any CPU
		{546C2056-8B87-4F42-8951-03ABE46546F7}.Debug|x64.Build.0 = Debug|Any CPU
		{546C2056-8B87-4F42-8951-03ABE46546F7}.Debug|x86.ActiveCfg = Debug|Any CPU
		{546C2056-8B87-4F42-8951-03ABE46546F7}.Debug|x86.Build.0 = Debug|Any CPU
		{546C2056-8B87-4F42-8951-03ABE46546F7}.Release|Any CPU.ActiveCfg = Release|Any CPU
		{546C2056-8B87-4F42-8951-03ABE46546F7}.Release|Any CPU.Build.0 = Release|Any CPU
		{546C2056-8B87-4F42-8951-03ABE46546F7}.Release|x64.ActiveCfg = Release|Any CPU
		{546C2056-8B87-4F42-8951-03ABE46546F7}.Release|x64.Build.0 = Release|Any CPU
		{546C2056-8B87-4F42-8951-03ABE46546F7}.Release|x86.ActiveCfg = Release|Any CPU
		{546C2056-8B87-4F42-8951-03ABE46546F7}.Release|x86.Build.0 = Release|Any CPU
		{A2774EB0-0A03-464C-A0DE-5C4DDB98FC1E}.Debug|Any CPU.ActiveCfg = Debug|Any CPU
		{A2774EB0-0A03-464C-A0DE-5C4DDB98FC1E}.Debug|Any CPU.Build.0 = Debug|Any CPU
		{A2774EB0-0A03-464C-A0DE-5C4DDB98FC1E}.Debug|x64.ActiveCfg = Debug|Any CPU
		{A2774EB0-0A03-464C-A0DE-5C4DDB98FC1E}.Debug|x64.Build.0 = Debug|Any CPU
		{A2774EB0-0A03-464C-A0DE-5C4DDB98FC1E}.Debug|x86.ActiveCfg = Debug|Any CPU
		{A2774EB0-0A03-464C-A0DE-5C4DDB98FC1E}.Debug|x86.Build.0 = Debug|Any CPU
		{A2774EB0-0A03-464C-A0DE-5C4DDB98FC1E}.Release|Any CPU.ActiveCfg = Release|Any CPU
		{A2774EB0-0A03-464C-A0DE-5C4DDB98FC1E}.Release|Any CPU.Build.0 = Release|Any CPU
		{A2774EB0-0A03-464C-A0DE-5C4DDB98FC1E}.Release|x64.ActiveCfg = Release|Any CPU
		{A2774EB0-0A03-464C-A0DE-5C4DDB98FC1E}.Release|x64.Build.0 = Release|Any CPU
		{A2774EB0-0A03-464C-A0DE-5C4DDB98FC1E}.Release|x86.ActiveCfg = Release|Any CPU
		{A2774EB0-0A03-464C-A0DE-5C4DDB98FC1E}.Release|x86.Build.0 = Release|Any CPU
		{3E6A02AA-E711-4015-8DD1-A6FBA44798C8}.Debug|Any CPU.ActiveCfg = Debug|Any CPU
		{3E6A02AA-E711-4015-8DD1-A6FBA44798C8}.Debug|Any CPU.Build.0 = Debug|Any CPU
		{3E6A02AA-E711-4015-8DD1-A6FBA44798C8}.Debug|x64.ActiveCfg = Debug|Any CPU
		{3E6A02AA-E711-4015-8DD1-A6FBA44798C8}.Debug|x64.Build.0 = Debug|Any CPU
		{3E6A02AA-E711-4015-8DD1-A6FBA44798C8}.Debug|x86.ActiveCfg = Debug|Any CPU
		{3E6A02AA-E711-4015-8DD1-A6FBA44798C8}.Debug|x86.Build.0 = Debug|Any CPU
		{3E6A02AA-E711-4015-8DD1-A6FBA44798C8}.Release|Any CPU.ActiveCfg = Release|Any CPU
		{3E6A02AA-E711-4015-8DD1-A6FBA44798C8}.Release|Any CPU.Build.0 = Release|Any CPU
		{3E6A02AA-E711-4015-8DD1-A6FBA44798C8}.Release|x64.ActiveCfg = Release|Any CPU
		{3E6A02AA-E711-4015-8DD1-A6FBA44798C8}.Release|x64.Build.0 = Release|Any CPU
		{3E6A02AA-E711-4015-8DD1-A6FBA44798C8}.Release|x86.ActiveCfg = Release|Any CPU
		{3E6A02AA-E711-4015-8DD1-A6FBA44798C8}.Release|x86.Build.0 = Release|Any CPU
		{A5BA3079-CEC8-44E7-8853-74E3E5FC8076}.Debug|Any CPU.ActiveCfg = Debug|Any CPU
		{A5BA3079-CEC8-44E7-8853-74E3E5FC8076}.Debug|Any CPU.Build.0 = Debug|Any CPU
		{A5BA3079-CEC8-44E7-8853-74E3E5FC8076}.Debug|x64.ActiveCfg = Debug|Any CPU
		{A5BA3079-CEC8-44E7-8853-74E3E5FC8076}.Debug|x64.Build.0 = Debug|Any CPU
		{A5BA3079-CEC8-44E7-8853-74E3E5FC8076}.Debug|x86.ActiveCfg = Debug|Any CPU
		{A5BA3079-CEC8-44E7-8853-74E3E5FC8076}.Debug|x86.Build.0 = Debug|Any CPU
		{A5BA3079-CEC8-44E7-8853-74E3E5FC8076}.Release|Any CPU.ActiveCfg = Release|Any CPU
		{A5BA3079-CEC8-44E7-8853-74E3E5FC8076}.Release|Any CPU.Build.0 = Release|Any CPU
		{A5BA3079-CEC8-44E7-8853-74E3E5FC8076}.Release|x64.ActiveCfg = Release|Any CPU
		{A5BA3079-CEC8-44E7-8853-74E3E5FC8076}.Release|x64.Build.0 = Release|Any CPU
		{A5BA3079-CEC8-44E7-8853-74E3E5FC8076}.Release|x86.ActiveCfg = Release|Any CPU
		{A5BA3079-CEC8-44E7-8853-74E3E5FC8076}.Release|x86.Build.0 = Release|Any CPU
	EndGlobalSection
	GlobalSection(SolutionProperties) = preSolution
		HideSolutionNode = FALSE
	EndGlobalSection
	GlobalSection(NestedProjects) = preSolution
		{32A27E4E-8762-4671-BDC4-62038071D0A8} = {827E0CD3-B72D-47B6-A68D-7590B98EB39B}
		{7DE972C2-946A-4A00-ABE4-CAB0BB8B9B07} = {827E0CD3-B72D-47B6-A68D-7590B98EB39B}
		{546C2056-8B87-4F42-8951-03ABE46546F7} = {827E0CD3-B72D-47B6-A68D-7590B98EB39B}
		{A2774EB0-0A03-464C-A0DE-5C4DDB98FC1E} = {0AB3BF05-4346-4AA6-1389-037BE0695223}
		{3E6A02AA-E711-4015-8DD1-A6FBA44798C8} = {0AB3BF05-4346-4AA6-1389-037BE0695223}
		{A5BA3079-CEC8-44E7-8853-74E3E5FC8076} = {0AB3BF05-4346-4AA6-1389-037BE0695223}
	EndGlobalSection
EndGlobal
